sourcecode.social/reiver/go-erorr v0.0.0-20230922202459-231149d185a1 h1:wpnz4JicQBLWrgGphYBls7DysIFCcnWgDz/vce/sY8E=
sourcecode.social/reiver/go-erorr v0.0.0-20230922202459-231149d185a1/go.mod h1:NFtd7fzEf0r6A6R7JXYZfayRhPaJy0zt/18VWoLzrxA=
sourcecode.social/reiver/go-opt v0.0.0-20230923212734-e38043bd8901 h1:mMuaCYrl0WklX8gDaA+WvPmXFMs2YhdbgYmW3E8A36M=
sourcecode.social/reiver/go-opt v0.0.0-20230923212734-e38043bd8901/go.mod h1:SEWWqfbCkDQCL0mpqwZEJQQkqLzhJZs1k4EmJ9xPU0E=
